#MicroXplorer Configuration settings - do not modify
FREERTOS.IPParameters=Tasks01
FREERTOS.Tasks01=defaultTask,0,128,StartDefaultTask
File.Version=5
KeepUserPlacement=false
Mcu.Family=STM32F4
Mcu.IP0=FATFS
Mcu.IP1=FREERTOS
Mcu.IP10=USART1
Mcu.IP11=USB_HOST
Mcu.IP12=USB_OTG_FS
Mcu.IP2=NVIC
Mcu.IP3=RCC
Mcu.IP4=RTC
Mcu.IP5=SDIO
Mcu.IP6=TIM1
Mcu.IP7=TIM2
Mcu.IP8=TIM6
Mcu.IP9=TIM7
Mcu.IPNb=13
Mcu.Name=STM32F407Z(E-G)Tx
Mcu.Package=LQFP144
Mcu.Pin0=PC13-ANTI_TAMP
Mcu.Pin1=PC14-OSC32_IN
Mcu.Pin10=PB15
Mcu.Pin11=PC8
Mcu.Pin12=PC9
Mcu.Pin13=PA9
Mcu.Pin14=PA11
Mcu.Pin15=PA12
Mcu.Pin16=PC10
Mcu.Pin17=PC11
Mcu.Pin18=PC12
Mcu.Pin19=PD2
Mcu.Pin2=PC15-OSC32_OUT
Mcu.Pin20=PB7
Mcu.Pin21=VP_FATFS_VS_SDIO
Mcu.Pin22=VP_FATFS_VS_USB
Mcu.Pin23=VP_FATFS_VS_Generic
Mcu.Pin24=VP_FREERTOS_VS_ENABLE
Mcu.Pin25=VP_TIM1_VS_ClockSourceINT
Mcu.Pin26=VP_TIM2_VS_ClockSourceINT
Mcu.Pin27=VP_TIM6_VS_ClockSourceINT
Mcu.Pin28=VP_TIM7_VS_ClockSourceINT
Mcu.Pin29=VP_USB_HOST_VS_USB_HOST_MSC_FS
Mcu.Pin3=PF10
Mcu.Pin4=PH0-OSC_IN
Mcu.Pin5=PH1-OSC_OUT
Mcu.Pin6=PA0-WKUP
Mcu.Pin7=PA1
Mcu.Pin8=PA2
Mcu.Pin9=PA3
Mcu.PinsNb=30
Mcu.UserConstants=
Mcu.UserName=STM32F407ZGTx
MxCube.Version=4.11.0
MxDb.Version=DB.4.0.110
NVIC.OTG_FS_IRQn=true\:8\:0\:true
NVIC.PriorityGroup=NVIC_PRIORITYGROUP_4
NVIC.RCC_IRQn=true\:5\:0\:false
NVIC.SysTick_IRQn=true\:0\:0\:false
NVIC.TIM2_IRQn=true\:7\:0\:true
NVIC.USART1_IRQn=true\:10\:0\:true
PA0-WKUP.Signal=S_TIM2_CH1_ETR
PA1.Signal=S_TIM2_CH2
PA11.Mode=Host_Only
PA11.Signal=USB_OTG_FS_DM
PA12.Mode=Host_Only
PA12.Signal=USB_OTG_FS_DP
PA2.Signal=S_TIM2_CH3
PA3.Signal=S_TIM2_CH4
PA9.Mode=Asynchronous
PA9.Signal=USART1_TX
PB15.Mode=Reference_Clock_Detection_Activate
PB15.Signal=RTC_REFIN
PB7.Mode=Asynchronous
PB7.Signal=USART1_RX
PC10.Mode=SD_4_bits_Wide_bus
PC10.Signal=SDIO_D2
PC11.Mode=SD_4_bits_Wide_bus
PC11.Signal=SDIO_D3
PC12.Mode=SD_4_bits_Wide_bus
PC12.Signal=SDIO_CK
PC13-ANTI_TAMP.Mode=Calibration_1Hz
PC13-ANTI_TAMP.Signal=RTC_AF1
PC14-OSC32_IN.Mode=LSE-External-Oscillator
PC14-OSC32_IN.Signal=RCC_OSC32_IN
PC15-OSC32_OUT.Mode=LSE-External-Oscillator
PC15-OSC32_OUT.Signal=RCC_OSC32_OUT
PC8.Mode=SD_4_bits_Wide_bus
PC8.Signal=SDIO_D0
PC9.Mode=SD_4_bits_Wide_bus
PC9.Signal=SDIO_D1
PCC.Checker=false
PCC.Line=STM32F407/417
PCC.MCU=STM32F407Z(E-G)Tx
PCC.MXVersion=4.11.0
PCC.PartNumber=STM32F407ZGTx
PCC.Seq0=0
PCC.Series=STM32F4
PCC.Temperature=25
PCC.Vdd=3.3
PD2.Mode=SD_4_bits_Wide_bus
PD2.Signal=SDIO_CMD
PF10.GPIOParameters=GPIO_Speed
PF10.GPIO_Speed=GPIO_SPEED_HIGH
PF10.Locked=true
PF10.Signal=GPIO_Output
PH0-OSC_IN.Mode=HSE-External-Oscillator
PH0-OSC_IN.Signal=RCC_OSC_IN
PH1-OSC_OUT.Mode=HSE-External-Oscillator
PH1-OSC_OUT.Signal=RCC_OSC_OUT
ProjectManager.AskForMigrate=true
ProjectManager.BackupPrevious=true
ProjectManager.CompilerOptimize=2
ProjectManager.ComputerToolchain=false
ProjectManager.CoupleFile=true
ProjectManager.DeletePrevious=true
ProjectManager.DeviceId=STM32F407ZGTx
ProjectManager.FirmwarePackage=STM32Cube FW_F4 V1.9.0
ProjectManager.FreePins=false
ProjectManager.HalAssertFull=false
ProjectManager.KeepUserCode=true
ProjectManager.LastFirmware=true
ProjectManager.LibraryCopy=0
ProjectManager.ProjectBuild=false
ProjectManager.ProjectFileName=SweepRobot_Testing_Host_STM32F4.ioc
ProjectManager.ProjectName=SweepRobot_Testing_Host_STM32F4
ProjectManager.TargetToolchain=EWARM
ProjectManager.ToolChainLocation=
RCC.48MHZClocksFreq_Value=48000000
RCC.AHBFreq_Value=168000000
RCC.APB1CLKDivider=RCC_HCLK_DIV4
RCC.APB1Freq_Value=42000000
RCC.APB1TimFreq_Value=84000000
RCC.APB2CLKDivider=RCC_HCLK_DIV2
RCC.APB2Freq_Value=84000000
RCC.APB2TimFreq_Value=168000000
RCC.CortexFreq_Value=168000000
RCC.EthernetFreq_Value=168000000
RCC.FCLKCortexFreq_Value=168000000
RCC.FamilyName=M
RCC.HCLKFreq_Value=168000000
RCC.HSE_VALUE=8000000
RCC.HSI_VALUE=16000000
RCC.I2SClocksFreq_Value=192000000
RCC.IPParameters=FamilyName,HSE_VALUE,RTCHSEDivFreq_Value,LSI_VALUE,RTCFreq_Value,HSI_VALUE,VCOInputFreq_Value,VCOOutputFreq_Value,PLLCLKFreq_Value,PLLQCLKFreq_Value,VCOI2SOutputFreq_Value,VcooutputI2S,I2SClocksFreq_Value,SYSCLKFreq_VALUE,AHBFreq_Value,CortexFreq_Value,APB1Freq_Value,APB2Freq_Value,48MHZClocksFreq_Value,SYSCLKSource,HCLKFreq_Value,FCLKCortexFreq_Value,APB1TimFreq_Value,APB2TimFreq_Value,EthernetFreq_Value,MCO2PinFreq_Value,APB1CLKDivider,RCC_RTC_Clock_Source,PLLM,PLLN,PLLQ,APB2CLKDivider
RCC.LSI_VALUE=32000
RCC.MCO2PinFreq_Value=168000000
RCC.PLLCLKFreq_Value=168000000
RCC.PLLM=4
RCC.PLLN=168
RCC.PLLQ=7
RCC.PLLQCLKFreq_Value=48000000
RCC.RCC_RTC_Clock_Source=RCC_RTCCLKSOURCE_LSE
RCC.RTCFreq_Value=32768
RCC.RTCHSEDivFreq_Value=4000000
RCC.SYSCLKFreq_VALUE=168000000
RCC.SYSCLKSource=RCC_SYSCLKSOURCE_PLLCLK
RCC.VCOI2SOutputFreq_Value=384000000
RCC.VCOInputFreq_Value=2000000
RCC.VCOOutputFreq_Value=336000000
RCC.VcooutputI2S=192000000
SDIO.BusWide=SDIO_BUS_WIDE_1B
SDIO.IPParameters=BusWide,WideMode
SDIO.WideMode=SDIO_BUS_WIDE_4B
SH.S_TIM2_CH1_ETR.0=TIM2_CH1,PWM Generation1 CH1
SH.S_TIM2_CH1_ETR.ConfNb=1
SH.S_TIM2_CH2.0=TIM2_CH2,PWM Generation2 CH2
SH.S_TIM2_CH2.ConfNb=1
SH.S_TIM2_CH3.0=TIM2_CH3,PWM Generation3 CH3
SH.S_TIM2_CH3.ConfNb=1
SH.S_TIM2_CH4.0=TIM2_CH4,PWM Generation4 CH4
SH.S_TIM2_CH4.ConfNb=1
TIM2.Channel-PWM\ Generation2\ CH2=TIM_CHANNEL_2
TIM2.Channel-PWM\ Generation3\ CH3=TIM_CHANNEL_3
TIM2.Channel-PWM\ Generation4\ CH4=TIM_CHANNEL_4
TIM2.IPParameters=Channel-PWM Generation2 CH2,Channel-PWM Generation3 CH3,Channel-PWM Generation4 CH4,TIM_MasterOutputTrigger,TIM_MasterSlaveMode,Prescaler
TIM2.Prescaler=1
TIM2.TIM_MasterOutputTrigger=TIM_TRGO_ENABLE
TIM2.TIM_MasterSlaveMode=TIM_MASTERSLAVEMODE_ENABLE
USB_HOST.IPParameters=VirtualModeFS,USBH_HandleTypeDef-MSC_FS
USB_HOST.USBH_HandleTypeDef-MSC_FS=hUsbHostFS
USB_HOST.VirtualModeFS=Msc
USB_OTG_FS.IPParameters=phy_itface
USB_OTG_FS.phy_itface=HCD_PHY_EMBEDDED
VP_FATFS_VS_Generic.Mode=User_defined
VP_FATFS_VS_Generic.Signal=FATFS_VS_Generic
VP_FATFS_VS_SDIO.Mode=SDIO
VP_FATFS_VS_SDIO.Signal=FATFS_VS_SDIO
VP_FATFS_VS_USB.Mode=USB
VP_FATFS_VS_USB.Signal=FATFS_VS_USB
VP_FREERTOS_VS_ENABLE.Mode=Enabled
VP_FREERTOS_VS_ENABLE.Signal=FREERTOS_VS_ENABLE
VP_TIM1_VS_ClockSourceINT.Mode=Internal
VP_TIM1_VS_ClockSourceINT.Signal=TIM1_VS_ClockSourceINT
VP_TIM2_VS_ClockSourceINT.Mode=Internal
VP_TIM2_VS_ClockSourceINT.Signal=TIM2_VS_ClockSourceINT
VP_TIM6_VS_ClockSourceINT.Mode=Enable_Timer
VP_TIM6_VS_ClockSourceINT.Signal=TIM6_VS_ClockSourceINT
VP_TIM7_VS_ClockSourceINT.Mode=Enable_Timer
VP_TIM7_VS_ClockSourceINT.Signal=TIM7_VS_ClockSourceINT
VP_USB_HOST_VS_USB_HOST_MSC_FS.Mode=MSC_FS
VP_USB_HOST_VS_USB_HOST_MSC_FS.Signal=USB_HOST_VS_USB_HOST_MSC_FS
board=SweepRobot_Testing_Host_STM32F4
